
Microsoft Visual Studio Solution File, Format Version 12.00
# Visual Studio Version 17
VisualStudioVersion = 17.8.34525.116
MinimumVisualStudioVersion = 10.0.40219.1
Project("{9A19103F-16F7-4668-BE54-9A1E7A4F7556}") = "Analyser", "src\Analyser\Analyser.csproj", "{C8E00C05-33B1-4904-A7A5-7E3BC8752BAC}"
EndProject
Project("{2150E333-8FDC-42A3-9474-1A3956D46DE8}") = "src", "src", "{E0FAB2AE-10E3-4FA4-8F2B-E1558A9CE32B}"
EndProject
Project("{2150E333-8FDC-42A3-9474-1A3956D46DE8}") = "test", "test", "{19B6E03D-F3F4-4CB8-899A-6A628628F000}"
EndProject
Project("{9A19103F-16F7-4668-BE54-9A1E7A4F7556}") = "ControllerTests", "test\AnalyserTests\ControllerTests.csproj", "{FC09E8DE-9FAD-47CB-A6D3-65C76A6AB3BE}"
EndProject
Project("{9A19103F-16F7-4668-BE54-9A1E7A4F7556}") = "ServicesTests", "test\ServicesTests\ServicesTests.csproj", "{B5CD115A-3744-4212-8205-A25A641D459A}"
EndProject
Project("{9A19103F-16F7-4668-BE54-9A1E7A4F7556}") = "Services", "src\Services\Services.csproj", "{9E1424CA-0B88-45FE-B6C6-6BCC09738BC6}"
EndProject
Project("{9A19103F-16F7-4668-BE54-9A1E7A4F7556}") = "Interfaces", "src\Interfaces\Interfaces.csproj", "{9F0BE969-D50D-4C81-8E3A-E4DE37C567A8}"
EndProject
Project("{9A19103F-16F7-4668-BE54-9A1E7A4F7556}") = "Repositories", "src\Repositories\Repositories.csproj", "{3B31439D-8C16-4081-BFD5-0B363B9D2760}"
EndProject
Project("{9A19103F-16F7-4668-BE54-9A1E7A4F7556}") = "RepositoriesTests", "test\RepositoriesTests\RepositoriesTests.csproj", "{0A640B73-FBA2-4826-B694-E20AF8E88B1B}"
EndProject
Global
	GlobalSection(SolutionConfigurationPlatforms) = preSolution
		Debug|Any CPU = Debug|Any CPU
		Release|Any CPU = Release|Any CPU
	EndGlobalSection
	GlobalSection(ProjectConfigurationPlatforms) = postSolution
		{C8E00C05-33B1-4904-A7A5-7E3BC8752BAC}.Debug|Any CPU.ActiveCfg = Debug|Any CPU
		{C8E00C05-33B1-4904-A7A5-7E3BC8752BAC}.Debug|Any CPU.Build.0 = Debug|Any CPU
		{C8E00C05-33B1-4904-A7A5-7E3BC8752BAC}.Release|Any CPU.ActiveCfg = Release|Any CPU
		{C8E00C05-33B1-4904-A7A5-7E3BC8752BAC}.Release|Any CPU.Build.0 = Release|Any CPU
		{FC09E8DE-9FAD-47CB-A6D3-65C76A6AB3BE}.Debug|Any CPU.ActiveCfg = Debug|Any CPU
		{FC09E8DE-9FAD-47CB-A6D3-65C76A6AB3BE}.Debug|Any CPU.Build.0 = Debug|Any CPU
		{FC09E8DE-9FAD-47CB-A6D3-65C76A6AB3BE}.Release|Any CPU.ActiveCfg = Release|Any CPU
		{FC09E8DE-9FAD-47CB-A6D3-65C76A6AB3BE}.Release|Any CPU.Build.0 = Release|Any CPU
		{B5CD115A-3744-4212-8205-A25A641D459A}.Debug|Any CPU.ActiveCfg = Debug|Any CPU
		{B5CD115A-3744-4212-8205-A25A641D459A}.Debug|Any CPU.Build.0 = Debug|Any CPU
		{B5CD115A-3744-4212-8205-A25A641D459A}.Release|Any CPU.ActiveCfg = Release|Any CPU
		{B5CD115A-3744-4212-8205-A25A641D459A}.Release|Any CPU.Build.0 = Release|Any CPU
		{9E1424CA-0B88-45FE-B6C6-6BCC09738BC6}.Debug|Any CPU.ActiveCfg = Debug|Any CPU
		{9E1424CA-0B88-45FE-B6C6-6BCC09738BC6}.Debug|Any CPU.Build.0 = Debug|Any CPU
		{9E1424CA-0B88-45FE-B6C6-6BCC09738BC6}.Release|Any CPU.ActiveCfg = Release|Any CPU
		{9E1424CA-0B88-45FE-B6C6-6BCC09738BC6}.Release|Any CPU.Build.0 = Release|Any CPU
		{9F0BE969-D50D-4C81-8E3A-E4DE37C567A8}.Debug|Any CPU.ActiveCfg = Debug|Any CPU
		{9F0BE969-D50D-4C81-8E3A-E4DE37C567A8}.Debug|Any CPU.Build.0 = Debug|Any CPU
		{9F0BE969-D50D-4C81-8E3A-E4DE37C567A8}.Release|Any CPU.ActiveCfg = Release|Any CPU
		{9F0BE969-D50D-4C81-8E3A-E4DE37C567A8}.Release|Any CPU.Build.0 = Release|Any CPU
		{3B31439D-8C16-4081-BFD5-0B363B9D2760}.Debug|Any CPU.ActiveCfg = Debug|Any CPU
		{3B31439D-8C16-4081-BFD5-0B363B9D2760}.Debug|Any CPU.Build.0 = Debug|Any CPU
		{3B31439D-8C16-4081-BFD5-0B363B9D2760}.Release|Any CPU.ActiveCfg = Release|Any CPU
		{3B31439D-8C16-4081-BFD5-0B363B9D2760}.Release|Any CPU.Build.0 = Release|Any CPU
		{0A640B73-FBA2-4826-B694-E20AF8E88B1B}.Debug|Any CPU.ActiveCfg = Debug|Any CPU
		{0A640B73-FBA2-4826-B694-E20AF8E88B1B}.Debug|Any CPU.Build.0 = Debug|Any CPU
		{0A640B73-FBA2-4826-B694-E20AF8E88B1B}.Release|Any CPU.ActiveCfg = Release|Any CPU
		{0A640B73-FBA2-4826-B694-E20AF8E88B1B}.Release|Any CPU.Build.0 = Release|Any CPU
	EndGlobalSection
	GlobalSection(SolutionProperties) = preSolution
		HideSolutionNode = FALSE
	EndGlobalSection
	GlobalSection(NestedProjects) = preSolution
		{C8E00C05-33B1-4904-A7A5-7E3BC8752BAC} = {E0FAB2AE-10E3-4FA4-8F2B-E1558A9CE32B}
		{FC09E8DE-9FAD-47CB-A6D3-65C76A6AB3BE} = {19B6E03D-F3F4-4CB8-899A-6A628628F000}
		{B5CD115A-3744-4212-8205-A25A641D459A} = {19B6E03D-F3F4-4CB8-899A-6A628628F000}
		{9E1424CA-0B88-45FE-B6C6-6BCC09738BC6} = {E0FAB2AE-10E3-4FA4-8F2B-E1558A9CE32B}
		{9F0BE969-D50D-4C81-8E3A-E4DE37C567A8} = {E0FAB2AE-10E3-4FA4-8F2B-E1558A9CE32B}
		{3B31439D-8C16-4081-BFD5-0B363B9D2760} = {E0FAB2AE-10E3-4FA4-8F2B-E1558A9CE32B}
		{0A640B73-FBA2-4826-B694-E20AF8E88B1B} = {19B6E03D-F3F4-4CB8-899A-6A628628F000}
	EndGlobalSection
	GlobalSection(ExtensibilityGlobals) = postSolution
		SolutionGuid = {5B2681E9-C1C5-452A-B60C-9DBFAB855523}
	EndGlobalSection
EndGlobal
